
Microsoft Visual Studio Solution File, Format Version 12.00
# Visual Studio Version 17
VisualStudioVersion = 17.10.35013.160
MinimumVisualStudioVersion = 10.0.40219.1
Project("{FAE04EC0-301F-11D3-BF4B-00C04F79EFBC}") = "WpfApp1", "WpfApp1\WpfApp1.csproj", "{C15DA613-3021-4995-9E10-0FF112516079}"
EndProject
Global
	GlobalSection(SolutionConfigurationPlatforms) = preSolution
		Debug|Any CPU = Debug|Any CPU
		Release|Any CPU = Release|Any CPU
	EndGlobalSection
	GlobalSection(ProjectConfigurationPlatforms) = postSolution
		{C15DA613-3021-4995-9E10-0FF112516079}.Debug|Any CPU.ActiveCfg = Debug|Any CPU
		{C15DA613-3021-4995-9E10-0FF112516079}.Debug|Any CPU.Build.0 = Debug|Any CPU
		{C15DA613-3021-4995-9E10-0FF112516079}.Release|Any CPU.ActiveCfg = Release|Any CPU
		{C15DA613-3021-4995-9E10-0FF112516079}.Release|Any CPU.Build.0 = Release|Any CPU
	EndGlobalSection
	GlobalSection(SolutionProperties) = preSolution
		HideSolutionNode = FALSE
	EndGlobalSection
	GlobalSection(ExtensibilityGlobals) = postSolution
		SolutionGuid = {56B7EF12-3835-452D-BA75-6659E4F1C64A}
	EndGlobalSection
EndGlobal
